
Microsoft Visual Studio Solution File, Format Version 12.00
# Visual Studio Version 16
VisualStudioVersion = 16.0.31702.278
MinimumVisualStudioVersion = 10.0.40219.1
Project("{FAE04EC0-301F-11D3-BF4B-00C04F79EFBC}") = "Variables", "Variables\Variables.csproj", "{B574FEF5-EBCA-4EE8-AE6E-61AC5542F508}"
EndProject
Global
	GlobalSection(SolutionConfigurationPlatforms) = preSolution
		Debug|Any CPU = Debug|Any CPU
		Release|Any CPU = Release|Any CPU
	EndGlobalSection
	GlobalSection(ProjectConfigurationPlatforms) = postSolution
		{B574FEF5-EBCA-4EE8-AE6E-61AC5542F508}.Debug|Any CPU.ActiveCfg = Debug|Any CPU
		{B574FEF5-EBCA-4EE8-AE6E-61AC5542F508}.Debug|Any CPU.Build.0 = Debug|Any CPU
		{B574FEF5-EBCA-4EE8-AE6E-61AC5542F508}.Release|Any CPU.ActiveCfg = Release|Any CPU
		{B574FEF5-EBCA-4EE8-AE6E-61AC5542F508}.Release|Any CPU.Build.0 = Release|Any CPU
	EndGlobalSection
	GlobalSection(SolutionProperties) = preSolution
		HideSolutionNode = FALSE
	EndGlobalSection
	GlobalSection(ExtensibilityGlobals) = postSolution
		SolutionGuid = {461DC74A-E7E1-4B32-B4A6-49C82A6FB900}
	EndGlobalSection
EndGlobal
