
Microsoft Visual Studio Solution File, Format Version 12.00
# Visual Studio Version 16
VisualStudioVersion = 16.0.31702.278
MinimumVisualStudioVersion = 10.0.40219.1
Project("{FAE04EC0-301F-11D3-BF4B-00C04F79EFBC}") = "Conditionals", "Conditionals\Conditionals.csproj", "{B1989636-70DF-4A6D-A733-0FE504A7D98E}"
EndProject
Global
	GlobalSection(SolutionConfigurationPlatforms) = preSolution
		Debug|Any CPU = Debug|Any CPU
		Release|Any CPU = Release|Any CPU
	EndGlobalSection
	GlobalSection(ProjectConfigurationPlatforms) = postSolution
		{B1989636-70DF-4A6D-A733-0FE504A7D98E}.Debug|Any CPU.ActiveCfg = Debug|Any CPU
		{B1989636-70DF-4A6D-A733-0FE504A7D98E}.Debug|Any CPU.Build.0 = Debug|Any CPU
		{B1989636-70DF-4A6D-A733-0FE504A7D98E}.Release|Any CPU.ActiveCfg = Release|Any CPU
		{B1989636-70DF-4A6D-A733-0FE504A7D98E}.Release|Any CPU.Build.0 = Release|Any CPU
	EndGlobalSection
	GlobalSection(SolutionProperties) = preSolution
		HideSolutionNode = FALSE
	EndGlobalSection
	GlobalSection(ExtensibilityGlobals) = postSolution
		SolutionGuid = {AE7894CD-08D1-4D92-8BF5-98FB4CC1A6C4}
	EndGlobalSection
EndGlobal
